// !$*UTF8*$!
{
	archiveVersion = 1;
	classes = {
	};
	objectVersion = 50;
	objects = {

/* Begin PBXBuildFile section */
		33187F7126B09AC9007FE7F4 /* PaletteChooser.swift in Sources */ = {isa = PBXBuildFile; fileRef = 33187F7026B09AC9007FE7F4 /* PaletteChooser.swift */; };
		33187F7426B0B09F007FE7F4 /* PaletteEditor.swift in Sources */ = {isa = PBXBuildFile; fileRef = 33187F7326B0B09F007FE7F4 /* PaletteEditor.swift */; };
		33187F7726B0BA8D007FE7F4 /* PaletteManager.swift in Sources */ = {isa = PBXBuildFile; fileRef = 33187F7626B0BA8D007FE7F4 /* PaletteManager.swift */; };
		338EE21126AAAB820038BD99 /* EmojiArtApp.swift in Sources */ = {isa = PBXBuildFile; fileRef = 338EE21026AAAB820038BD99 /* EmojiArtApp.swift */; };
		338EE21326AAAB820038BD99 /* EmojiArtDocumentView.swift in Sources */ = {isa = PBXBuildFile; fileRef = 338EE21226AAAB820038BD99 /* EmojiArtDocumentView.swift */; };
		338EE21526AAAB910038BD99 /* Assets.xcassets in Resources */ = {isa = PBXBuildFile; fileRef = 338EE21426AAAB910038BD99 /* Assets.xcassets */; };
		338EE21826AAAB910038BD99 /* Preview Assets.xcassets in Resources */ = {isa = PBXBuildFile; fileRef = 338EE21726AAAB910038BD99 /* Preview Assets.xcassets */; };
		338EE22126AAAFEA0038BD99 /* EmojiArtModel.swift in Sources */ = {isa = PBXBuildFile; fileRef = 338EE22026AAAFEA0038BD99 /* EmojiArtModel.swift */; };
		338EE22426AABD040038BD99 /* EmojiArtModel.Background.swift in Sources */ = {isa = PBXBuildFile; fileRef = 338EE22326AABD040038BD99 /* EmojiArtModel.Background.swift */; };
		338EE22726AAC1F40038BD99 /* EmojiArtDocument.swift in Sources */ = {isa = PBXBuildFile; fileRef = 338EE22626AAC1F40038BD99 /* EmojiArtDocument.swift */; };
		338EE22B26AAC5CD0038BD99 /* UtilityViews.swift in Sources */ = {isa = PBXBuildFile; fileRef = 338EE22926AAC5CC0038BD99 /* UtilityViews.swift */; };
		338EE22C26AAC5CD0038BD99 /* UtilityExtensions.swift in Sources */ = {isa = PBXBuildFile; fileRef = 338EE22A26AAC5CD0038BD99 /* UtilityExtensions.swift */; };
		338EE23426B0206B0038BD99 /* PaletteStore.swift in Sources */ = {isa = PBXBuildFile; fileRef = 338EE23326B0206B0038BD99 /* PaletteStore.swift */; };
/* End PBXBuildFile section */

/* Begin PBXFileReference section */
		33187F7026B09AC9007FE7F4 /* PaletteChooser.swift */ = {isa = PBXFileReference; lastKnownFileType = sourcecode.swift; path = PaletteChooser.swift; sourceTree = "<group>"; };
		33187F7326B0B09F007FE7F4 /* PaletteEditor.swift */ = {isa = PBXFileReference; lastKnownFileType = sourcecode.swift; path = PaletteEditor.swift; sourceTree = "<group>"; };
		33187F7626B0BA8D007FE7F4 /* PaletteManager.swift */ = {isa = PBXFileReference; lastKnownFileType = sourcecode.swift; path = PaletteManager.swift; sourceTree = "<group>"; };
		338EE20D26AAAB820038BD99 /* EmojiArt.app */ = {isa = PBXFileReference; explicitFileType = wrapper.application; includeInIndex = 0; path = EmojiArt.app; sourceTree = BUILT_PRODUCTS_DIR; };
		338EE21026AAAB820038BD99 /* EmojiArtApp.swift */ = {isa = PBXFileReference; lastKnownFileType = sourcecode.swift; path = EmojiArtApp.swift; sourceTree = "<group>"; };
		338EE21226AAAB820038BD99 /* EmojiArtDocumentView.swift */ = {isa = PBXFileReference; lastKnownFileType = sourcecode.swift; path = EmojiArtDocumentView.swift; sourceTree = "<group>"; };
		338EE21426AAAB910038BD99 /* Assets.xcassets */ = {isa = PBXFileReference; lastKnownFileType = folder.assetcatalog; path = Assets.xcassets; sourceTree = "<group>"; };
		338EE21726AAAB910038BD99 /* Preview Assets.xcassets */ = {isa = PBXFileReference; lastKnownFileType = folder.assetcatalog; path = "Preview Assets.xcassets"; sourceTree = "<group>"; };
		338EE21926AAAB910038BD99 /* Info.plist */ = {isa = PBXFileReference; lastKnownFileType = text.plist.xml; path = Info.plist; sourceTree = "<group>"; };
		338EE22026AAAFEA0038BD99 /* EmojiArtModel.swift */ = {isa = PBXFileReference; lastKnownFileType = sourcecode.swift; path = EmojiArtModel.swift; sourceTree = "<group>"; };
		338EE22326AABD040038BD99 /* EmojiArtModel.Background.swift */ = {isa = PBXFileReference; lastKnownFileType = sourcecode.swift; path = EmojiArtModel.Background.swift; sourceTree = "<group>"; };
		338EE22626AAC1F40038BD99 /* EmojiArtDocument.swift */ = {isa = PBXFileReference; lastKnownFileType = sourcecode.swift; path = EmojiArtDocument.swift; sourceTree = "<group>"; };
		338EE22926AAC5CC0038BD99 /* UtilityViews.swift */ = {isa = PBXFileReference; fileEncoding = 4; lastKnownFileType = sourcecode.swift; path = UtilityViews.swift; sourceTree = "<group>"; };
		338EE22A26AAC5CD0038BD99 /* UtilityExtensions.swift */ = {isa = PBXFileReference; fileEncoding = 4; lastKnownFileType = sourcecode.swift; path = UtilityExtensions.swift; sourceTree = "<group>"; };
		338EE23326B0206B0038BD99 /* PaletteStore.swift */ = {isa = PBXFileReference; lastKnownFileType = sourcecode.swift; path = PaletteStore.swift; sourceTree = "<group>"; };
/* End PBXFileReference section */

/* Begin PBXFrameworksBuildPhase section */
		338EE20A26AAAB820038BD99 /* Frameworks */ = {
			isa = PBXFrameworksBuildPhase;
			buildActionMask = 2147483647;
			files = (
			);
			runOnlyForDeploymentPostprocessing = 0;
		};
/* End PBXFrameworksBuildPhase section */

/* Begin PBXGroup section */
		338EE20426AAAB820038BD99 = {
			isa = PBXGroup;
			children = (
				338EE20F26AAAB820038BD99 /* EmojiArt */,
				338EE20E26AAAB820038BD99 /* Products */,
			);
			sourceTree = "<group>";
		};
		338EE20E26AAAB820038BD99 /* Products */ = {
			isa = PBXGroup;
			children = (
				338EE20D26AAAB820038BD99 /* EmojiArt.app */,
			);
			name = Products;
			sourceTree = "<group>";
		};
		338EE20F26AAAB820038BD99 /* EmojiArt */ = {
			isa = PBXGroup;
			children = (
				338EE22A26AAC5CD0038BD99 /* UtilityExtensions.swift */,
				338EE22926AAC5CC0038BD99 /* UtilityViews.swift */,
				338EE21026AAAB820038BD99 /* EmojiArtApp.swift */,
				338EE21226AAAB820038BD99 /* EmojiArtDocumentView.swift */,
				33187F7026B09AC9007FE7F4 /* PaletteChooser.swift */,
				33187F7326B0B09F007FE7F4 /* PaletteEditor.swift */,
				33187F7626B0BA8D007FE7F4 /* PaletteManager.swift */,
				338EE22026AAAFEA0038BD99 /* EmojiArtModel.swift */,
				338EE23326B0206B0038BD99 /* PaletteStore.swift */,
				338EE22626AAC1F40038BD99 /* EmojiArtDocument.swift */,
				338EE22326AABD040038BD99 /* EmojiArtModel.Background.swift */,
				338EE21426AAAB910038BD99 /* Assets.xcassets */,
				338EE21926AAAB910038BD99 /* Info.plist */,
				338EE21626AAAB910038BD99 /* Preview Content */,
			);
			path = EmojiArt;
			sourceTree = "<group>";
		};
		338EE21626AAAB910038BD99 /* Preview Content */ = {
			isa = PBXGroup;
			children = (
				338EE21726AAAB910038BD99 /* Preview Assets.xcassets */,
			);
			path = "Preview Content";
			sourceTree = "<group>";
		};
/* End PBXGroup section */

/* Begin PBXNativeTarget section */
		338EE20C26AAAB820038BD99 /* EmojiArt */ = {
			isa = PBXNativeTarget;
			buildConfigurationList = 338EE21C26AAAB910038BD99 /* Build configuration list for PBXNativeTarget "EmojiArt" */;
			buildPhases = (
				338EE20926AAAB820038BD99 /* Sources */,
				338EE20A26AAAB820038BD99 /* Frameworks */,
				338EE20B26AAAB820038BD99 /* Resources */,
			);
			buildRules = (
			);
			dependencies = (
			);
			name = EmojiArt;
			productName = EmojiArt;
			productReference = 338EE20D26AAAB820038BD99 /* EmojiArt.app */;
			productType = "com.apple.product-type.application";
		};
/* End PBXNativeTarget section */

/* Begin PBXProject section */
		338EE20526AAAB820038BD99 /* Project object */ = {
			isa = PBXProject;
			attributes = {
				LastSwiftUpdateCheck = 1240;
				LastUpgradeCheck = 1240;
				TargetAttributes = {
					338EE20C26AAAB820038BD99 = {
						CreatedOnToolsVersion = 12.4;
					};
				};
			};
			buildConfigurationList = 338EE20826AAAB820038BD99 /* Build configuration list for PBXProject "EmojiArt" */;
			compatibilityVersion = "Xcode 9.3";
			developmentRegion = en;
			hasScannedForEncodings = 0;
			knownRegions = (
				en,
				Base,
			);
			mainGroup = 338EE20426AAAB820038BD99;
			productRefGroup = 338EE20E26AAAB820038BD99 /* Products */;
			projectDirPath = "";
			projectRoot = "";
			targets = (
				338EE20C26AAAB820038BD99 /* EmojiArt */,
			);
		};
/* End PBXProject section */

/* Begin PBXResourcesBuildPhase section */
		338EE20B26AAAB820038BD99 /* Resources */ = {
			isa = PBXResourcesBuildPhase;
			buildActionMask = 2147483647;
			files = (
				338EE21826AAAB910038BD99 /* Preview Assets.xcassets in Resources */,
				338EE21526AAAB910038BD99 /* Assets.xcassets in Resources */,
			);
			runOnlyForDeploymentPostprocessing = 0;
		};
/* End PBXResourcesBuildPhase section */

/* Begin PBXSourcesBuildPhase section */
		338EE20926AAAB820038BD99 /* Sources */ = {
			isa = PBXSourcesBuildPhase;
			buildActionMask = 2147483647;
			files = (
				338EE21326AAAB820038BD99 /* EmojiArtDocumentView.swift in Sources */,
				33187F7726B0BA8D007FE7F4 /* PaletteManager.swift in Sources */,
				338EE23426B0206B0038BD99 /* PaletteStore.swift in Sources */,
				33187F7426B0B09F007FE7F4 /* PaletteEditor.swift in Sources */,
				338EE21126AAAB820038BD99 /* EmojiArtApp.swift in Sources */,
				338EE22726AAC1F40038BD99 /* EmojiArtDocument.swift in Sources */,
				338EE22C26AAC5CD0038BD99 /* UtilityExtensions.swift in Sources */,
				338EE22126AAAFEA0038BD99 /* EmojiArtModel.swift in Sources */,
				338EE22426AABD040038BD99 /* EmojiArtModel.Background.swift in Sources */,
				338EE22B26AAC5CD0038BD99 /* UtilityViews.swift in Sources */,
				33187F7126B09AC9007FE7F4 /* PaletteChooser.swift in Sources */,
			);
			runOnlyForDeploymentPostprocessing = 0;
		};
/* End PBXSourcesBuildPhase section */

/* Begin XCBuildConfiguration section */
		338EE21A26AAAB910038BD99 /* Debug */ = {
			isa = XCBuildConfiguration;
			buildSettings = {
				ALWAYS_SEARCH_USER_PATHS = NO;
				CLANG_ANALYZER_NONNULL = YES;
				CLANG_ANALYZER_NUMBER_OBJECT_CONVERSION = YES_AGGRESSIVE;
				CLANG_CXX_LANGUAGE_STANDARD = "gnu++14";
				CLANG_CXX_LIBRARY = "libc++";
				CLANG_ENABLE_MODULES = YES;
				CLANG_ENABLE_OBJC_ARC = YES;
				CLANG_ENABLE_OBJC_WEAK = YES;
				CLANG_WARN_BLOCK_CAPTURE_AUTORELEASING = YES;
				CLANG_WARN_BOOL_CONVERSION = YES;
				CLANG_WARN_COMMA = YES;
				CLANG_WARN_CONSTANT_CONVERSION = YES;
				CLANG_WARN_DEPRECATED_OBJC_IMPLEMENTATIONS = YES;
				CLANG_WARN_DIRECT_OBJC_ISA_USAGE = YES_ERROR;
				CLANG_WARN_DOCUMENTATION_COMMENTS = YES;
				CLANG_WARN_EMPTY_BODY = YES;
				CLANG_WARN_ENUM_CONVERSION = YES;
				CLANG_WARN_INFINITE_RECURSION = YES;
				CLANG_WARN_INT_CONVERSION = YES;
				CLANG_WARN_NON_LITERAL_NULL_CONVERSION = YES;
				CLANG_WARN_OBJC_IMPLICIT_RETAIN_SELF = YES;
				CLANG_WARN_OBJC_LITERAL_CONVERSION = YES;
				CLANG_WARN_OBJC_ROOT_CLASS = YES_ERROR;
				CLANG_WARN_QUOTED_INCLUDE_IN_FRAMEWORK_HEADER = YES;
				CLANG_WARN_RANGE_LOOP_ANALYSIS = YES;
				CLANG_WARN_STRICT_PROTOTYPES = YES;
				CLANG_WARN_SUSPICIOUS_MOVE = YES;
				CLANG_WARN_UNGUARDED_AVAILABILITY = YES_AGGRESSIVE;
				CLANG_WARN_UNREACHABLE_CODE = YES;
				CLANG_WARN__DUPLICATE_METHOD_MATCH = YES;
				COPY_PHASE_STRIP = NO;
				DEBUG_INFORMATION_FORMAT = dwarf;
				ENABLE_STRICT_OBJC_MSGSEND = YES;
				ENABLE_TESTABILITY = YES;
				GCC_C_LANGUAGE_STANDARD = gnu11;
				GCC_DYNAMIC_NO_PIC = NO;
				GCC_NO_COMMON_BLOCKS = YES;
				GCC_OPTIMIZATION_LEVEL = 0;
				GCC_PREPROCESSOR_DEFINITIONS = (
					"DEBUG=1",
					"$(inherited)",
				);
				GCC_WARN_64_TO_32_BIT_CONVERSION = YES;
				GCC_WARN_ABOUT_RETURN_TYPE = YES_ERROR;
				GCC_WARN_UNDECLARED_SELECTOR = YES;
				GCC_WARN_UNINITIALIZED_AUTOS = YES_AGGRESSIVE;
				GCC_WARN_UNUSED_FUNCTION = YES;
				GCC_WARN_UNUSED_VARIABLE = YES;
				IPHONEOS_DEPLOYMENT_TARGET = 14.4;
				MTL_ENABLE_DEBUG_INFO = INCLUDE_SOURCE;
				MTL_FAST_MATH = YES;
				ONLY_ACTIVE_ARCH = YES;
				SDKROOT = iphoneos;
				SWIFT_ACTIVE_COMPILATION_CONDITIONS = DEBUG;
				SWIFT_OPTIMIZATION_LEVEL = "-Onone";
			};
			name = Debug;
		};
		338EE21B26AAAB910038BD99 /* Release */ = {
			isa = XCBuildConfiguration;
			buildSettings = {
				ALWAYS_SEARCH_USER_PATHS = NO;
				CLANG_ANALYZER_NONNULL = YES;
				CLANG_ANALYZER_NUMBER_OBJECT_CONVERSION = YES_AGGRESSIVE;
				CLANG_CXX_LANGUAGE_STANDARD = "gnu++14";
				CLANG_CXX_LIBRARY = "libc++";
				CLANG_ENABLE_MODULES = YES;
				CLANG_ENABLE_OBJC_ARC = YES;
				CLANG_ENABLE_OBJC_WEAK = YES;
				CLANG_WARN_BLOCK_CAPTURE_AUTORELEASING = YES;
				CLANG_WARN_BOOL_CONVERSION = YES;
				CLANG_WARN_COMMA = YES;
				CLANG_WARN_CONSTANT_CONVERSION = YES;
				CLANG_WARN_DEPRECATED_OBJC_IMPLEMENTATIONS = YES;
				CLANG_WARN_DIRECT_OBJC_ISA_USAGE = YES_ERROR;
				CLANG_WARN_DOCUMENTATION_COMMENTS = YES;
				CLANG_WARN_EMPTY_BODY = YES;
				CLANG_WARN_ENUM_CONVERSION = YES;
				CLANG_WARN_INFINITE_RECURSION = YES;
				CLANG_WARN_INT_CONVERSION = YES;
				CLANG_WARN_NON_LITERAL_NULL_CONVERSION = YES;
				CLANG_WARN_OBJC_IMPLICIT_RETAIN_SELF = YES;
				CLANG_WARN_OBJC_LITERAL_CONVERSION = YES;
				CLANG_WARN_OBJC_ROOT_CLASS = YES_ERROR;
				CLANG_WARN_QUOTED_INCLUDE_IN_FRAMEWORK_HEADER = YES;
				CLANG_WARN_RANGE_LOOP_ANALYSIS = YES;
				CLANG_WARN_STRICT_PROTOTYPES = YES;
				CLANG_WARN_SUSPICIOUS_MOVE = YES;
				CLANG_WARN_UNGUARDED_AVAILABILITY = YES_AGGRESSIVE;
				CLANG_WARN_UNREACHABLE_CODE = YES;
				CLANG_WARN__DUPLICATE_METHOD_MATCH = YES;
				COPY_PHASE_STRIP = NO;
				DEBUG_INFORMATION_FORMAT = "dwarf-with-dsym";
				ENABLE_NS_ASSERTIONS = NO;
				ENABLE_STRICT_OBJC_MSGSEND = YES;
				GCC_C_LANGUAGE_STANDARD = gnu11;
				GCC_NO_COMMON_BLOCKS = YES;
				GCC_WARN_64_TO_32_BIT_CONVERSION = YES;
				GCC_WARN_ABOUT_RETURN_TYPE = YES_ERROR;
				GCC_WARN_UNDECLARED_SELECTOR = YES;
				GCC_WARN_UNINITIALIZED_AUTOS = YES_AGGRESSIVE;
				GCC_WARN_UNUSED_FUNCTION = YES;
				GCC_WARN_UNUSED_VARIABLE = YES;
				IPHONEOS_DEPLOYMENT_TARGET = 14.4;
				MTL_ENABLE_DEBUG_INFO = NO;
				MTL_FAST_MATH = YES;
				SDKROOT = iphoneos;
				SWIFT_COMPILATION_MODE = wholemodule;
				SWIFT_OPTIMIZATION_LEVEL = "-O";
				VALIDATE_PRODUCT = YES;
			};
			name = Release;
		};
		338EE21D26AAAB910038BD99 /* Debug */ = {
			isa = XCBuildConfiguration;
			buildSettings = {
				ASSETCATALOG_COMPILER_APPICON_NAME = AppIcon;
				ASSETCATALOG_COMPILER_GLOBAL_ACCENT_COLOR_NAME = AccentColor;
				CODE_SIGN_STYLE = Automatic;
				DEVELOPMENT_ASSET_PATHS = "\"EmojiArt/Preview Content\"";
				DEVELOPMENT_TEAM = B4YVHSUJG8;
				ENABLE_PREVIEWS = YES;
				INFOPLIST_FILE = EmojiArt/Info.plist;
				IPHONEOS_DEPLOYMENT_TARGET = 14.0;
				LD_RUNPATH_SEARCH_PATHS = (
					"$(inherited)",
					"@executable_path/Frameworks",
				);
				PRODUCT_BUNDLE_IDENTIFIER = AnastasiaBespalova.EmojiArt;
				PRODUCT_NAME = "$(TARGET_NAME)";
				SWIFT_VERSION = 5.0;
				TARGETED_DEVICE_FAMILY = "1,2";
			};
			name = Debug;
		};
		338EE21E26AAAB910038BD99 /* Release */ = {
			isa = XCBuildConfiguration;
			buildSettings = {
				ASSETCATALOG_COMPILER_APPICON_NAME = AppIcon;
				ASSETCATALOG_COMPILER_GLOBAL_ACCENT_COLOR_NAME = AccentColor;
				CODE_SIGN_STYLE = Automatic;
				DEVELOPMENT_ASSET_PATHS = "\"EmojiArt/Preview Content\"";
				DEVELOPMENT_TEAM = B4YVHSUJG8;
				ENABLE_PREVIEWS = YES;
				INFOPLIST_FILE = EmojiArt/Info.plist;
				IPHONEOS_DEPLOYMENT_TARGET = 14.0;
				LD_RUNPATH_SEARCH_PATHS = (
					"$(inherited)",
					"@executable_path/Frameworks",
				);
				PRODUCT_BUNDLE_IDENTIFIER = AnastasiaBespalova.EmojiArt;
				PRODUCT_NAME = "$(TARGET_NAME)";
				SWIFT_VERSION = 5.0;
				TARGETED_DEVICE_FAMILY = "1,2";
			};
			name = Release;
		};
/* End XCBuildConfiguration section */

/* Begin XCConfigurationList section */
		338EE20826AAAB820038BD99 /* Build configuration list for PBXProject "EmojiArt" */ = {
			isa = XCConfigurationList;
			buildConfigurations = (
				338EE21A26AAAB910038BD99 /* Debug */,
				338EE21B26AAAB910038BD99 /* Release */,
			);
			defaultConfigurationIsVisible = 0;
			defaultConfigurationName = Release;
		};
		338EE21C26AAAB910038BD99 /* Build configuration list for PBXNativeTarget "EmojiArt" */ = {
			isa = XCConfigurationList;
			buildConfigurations = (
				338EE21D26AAAB910038BD99 /* Debug */,
				338EE21E26AAAB910038BD99 /* Release */,
			);
			defaultConfigurationIsVisible = 0;
			defaultConfigurationName = Release;
		};
/* End XCConfigurationList section */
	};
	rootObject = 338EE20526AAAB820038BD99 /* Project object */;
}
